
Microsoft Visual Studio Solution File, Format Version 12.00
# Visual Studio 15
Project("{FAE04EC0-301F-11D3-BF4B-00C04F79EFBC}") = "glr_transport.Android", "glr_transport.Android\glr_transport.Android.csproj", "{30EF3831-737B-4041-99D6-6774FAB6F736}"
EndProject
Project("{FAE04EC0-301F-11D3-BF4B-00C04F79EFBC}") = "glr_transport.iOS", "glr_transport.iOS\glr_transport.iOS.csproj", "{D8BFB506-A78E-4F70-88F4-E97C907C7ACD}"
EndProject
Project("{D954291E-2A0B-460D-934E-DC6B0785DB48}") = "glr_transport", "glr_transport\glr_transport.shproj", "{E2E07403-5718-46BF-8DD4-5EBEC16EBD8A}"
EndProject
Global
	GlobalSection(SolutionConfigurationPlatforms) = preSolution
		Debug|Any CPU = Debug|Any CPU
		Release|Any CPU = Release|Any CPU
		Debug|iPhoneSimulator = Debug|iPhoneSimulator
		Release|iPhoneSimulator = Release|iPhoneSimulator
		Debug|iPhone = Debug|iPhone
		Release|iPhone = Release|iPhone
		Ad-Hoc|iPhone = Ad-Hoc|iPhone
		AppStore|iPhone = AppStore|iPhone
	EndGlobalSection
	GlobalSection(ProjectConfigurationPlatforms) = postSolution
		{30EF3831-737B-4041-99D6-6774FAB6F736}.Debug|Any CPU.ActiveCfg = Debug|Any CPU
		{30EF3831-737B-4041-99D6-6774FAB6F736}.Debug|Any CPU.Build.0 = Debug|Any CPU
		{30EF3831-737B-4041-99D6-6774FAB6F736}.Release|Any CPU.ActiveCfg = Release|Any CPU
		{30EF3831-737B-4041-99D6-6774FAB6F736}.Release|Any CPU.Build.0 = Release|Any CPU
		{30EF3831-737B-4041-99D6-6774FAB6F736}.Debug|iPhoneSimulator.ActiveCfg = Debug|Any CPU
		{30EF3831-737B-4041-99D6-6774FAB6F736}.Debug|iPhoneSimulator.Build.0 = Debug|Any CPU
		{30EF3831-737B-4041-99D6-6774FAB6F736}.Release|iPhoneSimulator.ActiveCfg = Release|Any CPU
		{30EF3831-737B-4041-99D6-6774FAB6F736}.Release|iPhoneSimulator.Build.0 = Release|Any CPU
		{30EF3831-737B-4041-99D6-6774FAB6F736}.Debug|iPhone.ActiveCfg = Debug|Any CPU
		{30EF3831-737B-4041-99D6-6774FAB6F736}.Debug|iPhone.Build.0 = Debug|Any CPU
		{30EF3831-737B-4041-99D6-6774FAB6F736}.Release|iPhone.ActiveCfg = Release|Any CPU
		{30EF3831-737B-4041-99D6-6774FAB6F736}.Release|iPhone.Build.0 = Release|Any CPU
		{30EF3831-737B-4041-99D6-6774FAB6F736}.Ad-Hoc|iPhone.ActiveCfg = Debug|Any CPU
		{30EF3831-737B-4041-99D6-6774FAB6F736}.Ad-Hoc|iPhone.Build.0 = Debug|Any CPU
		{30EF3831-737B-4041-99D6-6774FAB6F736}.AppStore|iPhone.ActiveCfg = Debug|Any CPU
		{30EF3831-737B-4041-99D6-6774FAB6F736}.AppStore|iPhone.Build.0 = Debug|Any CPU
		{D8BFB506-A78E-4F70-88F4-E97C907C7ACD}.Debug|Any CPU.ActiveCfg = Debug|iPhoneSimulator
		{D8BFB506-A78E-4F70-88F4-E97C907C7ACD}.Debug|Any CPU.Build.0 = Debug|iPhoneSimulator
		{D8BFB506-A78E-4F70-88F4-E97C907C7ACD}.Release|Any CPU.ActiveCfg = Release|iPhoneSimulator
		{D8BFB506-A78E-4F70-88F4-E97C907C7ACD}.Release|Any CPU.Build.0 = Release|iPhoneSimulator
		{D8BFB506-A78E-4F70-88F4-E97C907C7ACD}.Debug|iPhoneSimulator.ActiveCfg = Debug|iPhoneSimulator
		{D8BFB506-A78E-4F70-88F4-E97C907C7ACD}.Debug|iPhoneSimulator.Build.0 = Debug|iPhoneSimulator
		{D8BFB506-A78E-4F70-88F4-E97C907C7ACD}.Release|iPhoneSimulator.ActiveCfg = Release|iPhoneSimulator
		{D8BFB506-A78E-4F70-88F4-E97C907C7ACD}.Release|iPhoneSimulator.Build.0 = Release|iPhoneSimulator
		{D8BFB506-A78E-4F70-88F4-E97C907C7ACD}.Debug|iPhone.ActiveCfg = Debug|iPhone
		{D8BFB506-A78E-4F70-88F4-E97C907C7ACD}.Debug|iPhone.Build.0 = Debug|iPhone
		{D8BFB506-A78E-4F70-88F4-E97C907C7ACD}.Release|iPhone.ActiveCfg = Release|iPhone
		{D8BFB506-A78E-4F70-88F4-E97C907C7ACD}.Release|iPhone.Build.0 = Release|iPhone
		{D8BFB506-A78E-4F70-88F4-E97C907C7ACD}.Ad-Hoc|iPhone.ActiveCfg = Ad-Hoc|iPhone
		{D8BFB506-A78E-4F70-88F4-E97C907C7ACD}.Ad-Hoc|iPhone.Build.0 = Ad-Hoc|iPhone
		{D8BFB506-A78E-4F70-88F4-E97C907C7ACD}.AppStore|iPhone.ActiveCfg = AppStore|iPhone
		{D8BFB506-A78E-4F70-88F4-E97C907C7ACD}.AppStore|iPhone.Build.0 = AppStore|iPhone
	EndGlobalSection
EndGlobal
