
Microsoft Visual Studio Solution File, Format Version 12.00
# Visual Studio 15
Project("{FAE04EC0-301F-11D3-BF4B-00C04F79EFBC}") = "glrtransport.Android", "glrtransport.Android\glrtransport.Android.csproj", "{8C57EDA5-4018-490A-A97E-0893F1E48C64}"
EndProject
Project("{FAE04EC0-301F-11D3-BF4B-00C04F79EFBC}") = "glrtransport.iOS", "glrtransport.iOS\glrtransport.iOS.csproj", "{100F788F-B7AF-42EA-AC96-9C12AF402657}"
EndProject
Project("{FAE04EC0-301F-11D3-BF4B-00C04F79EFBC}") = "glrtransport", "glrtransport\glrtransport.csproj", "{DE14892E-713D-4348-A3B5-E1E30DFC9594}"
EndProject
Global
	GlobalSection(SolutionConfigurationPlatforms) = preSolution
		Debug|Any CPU = Debug|Any CPU
		Release|Any CPU = Release|Any CPU
		Debug|iPhoneSimulator = Debug|iPhoneSimulator
		Release|iPhoneSimulator = Release|iPhoneSimulator
		Debug|iPhone = Debug|iPhone
		Release|iPhone = Release|iPhone
		Ad-Hoc|iPhone = Ad-Hoc|iPhone
		AppStore|iPhone = AppStore|iPhone
	EndGlobalSection
	GlobalSection(ProjectConfigurationPlatforms) = postSolution
		{8C57EDA5-4018-490A-A97E-0893F1E48C64}.Debug|Any CPU.ActiveCfg = Debug|Any CPU
		{8C57EDA5-4018-490A-A97E-0893F1E48C64}.Debug|Any CPU.Build.0 = Debug|Any CPU
		{8C57EDA5-4018-490A-A97E-0893F1E48C64}.Release|Any CPU.ActiveCfg = Release|Any CPU
		{8C57EDA5-4018-490A-A97E-0893F1E48C64}.Release|Any CPU.Build.0 = Release|Any CPU
		{8C57EDA5-4018-490A-A97E-0893F1E48C64}.Debug|iPhoneSimulator.ActiveCfg = Debug|Any CPU
		{8C57EDA5-4018-490A-A97E-0893F1E48C64}.Debug|iPhoneSimulator.Build.0 = Debug|Any CPU
		{8C57EDA5-4018-490A-A97E-0893F1E48C64}.Release|iPhoneSimulator.ActiveCfg = Release|Any CPU
		{8C57EDA5-4018-490A-A97E-0893F1E48C64}.Release|iPhoneSimulator.Build.0 = Release|Any CPU
		{8C57EDA5-4018-490A-A97E-0893F1E48C64}.Debug|iPhone.ActiveCfg = Debug|Any CPU
		{8C57EDA5-4018-490A-A97E-0893F1E48C64}.Debug|iPhone.Build.0 = Debug|Any CPU
		{8C57EDA5-4018-490A-A97E-0893F1E48C64}.Release|iPhone.ActiveCfg = Release|Any CPU
		{8C57EDA5-4018-490A-A97E-0893F1E48C64}.Release|iPhone.Build.0 = Release|Any CPU
		{8C57EDA5-4018-490A-A97E-0893F1E48C64}.Ad-Hoc|iPhone.ActiveCfg = Debug|Any CPU
		{8C57EDA5-4018-490A-A97E-0893F1E48C64}.Ad-Hoc|iPhone.Build.0 = Debug|Any CPU
		{8C57EDA5-4018-490A-A97E-0893F1E48C64}.AppStore|iPhone.ActiveCfg = Debug|Any CPU
		{8C57EDA5-4018-490A-A97E-0893F1E48C64}.AppStore|iPhone.Build.0 = Debug|Any CPU
		{100F788F-B7AF-42EA-AC96-9C12AF402657}.Debug|Any CPU.ActiveCfg = Debug|iPhoneSimulator
		{100F788F-B7AF-42EA-AC96-9C12AF402657}.Debug|Any CPU.Build.0 = Debug|iPhoneSimulator
		{100F788F-B7AF-42EA-AC96-9C12AF402657}.Release|Any CPU.ActiveCfg = Release|iPhoneSimulator
		{100F788F-B7AF-42EA-AC96-9C12AF402657}.Release|Any CPU.Build.0 = Release|iPhoneSimulator
		{100F788F-B7AF-42EA-AC96-9C12AF402657}.Debug|iPhoneSimulator.ActiveCfg = Debug|iPhoneSimulator
		{100F788F-B7AF-42EA-AC96-9C12AF402657}.Debug|iPhoneSimulator.Build.0 = Debug|iPhoneSimulator
		{100F788F-B7AF-42EA-AC96-9C12AF402657}.Release|iPhoneSimulator.ActiveCfg = Release|iPhoneSimulator
		{100F788F-B7AF-42EA-AC96-9C12AF402657}.Release|iPhoneSimulator.Build.0 = Release|iPhoneSimulator
		{100F788F-B7AF-42EA-AC96-9C12AF402657}.Debug|iPhone.ActiveCfg = Debug|iPhone
		{100F788F-B7AF-42EA-AC96-9C12AF402657}.Debug|iPhone.Build.0 = Debug|iPhone
		{100F788F-B7AF-42EA-AC96-9C12AF402657}.Release|iPhone.ActiveCfg = Release|iPhone
		{100F788F-B7AF-42EA-AC96-9C12AF402657}.Release|iPhone.Build.0 = Release|iPhone
		{100F788F-B7AF-42EA-AC96-9C12AF402657}.Ad-Hoc|iPhone.ActiveCfg = Ad-Hoc|iPhone
		{100F788F-B7AF-42EA-AC96-9C12AF402657}.Ad-Hoc|iPhone.Build.0 = Ad-Hoc|iPhone
		{100F788F-B7AF-42EA-AC96-9C12AF402657}.AppStore|iPhone.ActiveCfg = AppStore|iPhone
		{100F788F-B7AF-42EA-AC96-9C12AF402657}.AppStore|iPhone.Build.0 = AppStore|iPhone
		{DE14892E-713D-4348-A3B5-E1E30DFC9594}.Debug|Any CPU.ActiveCfg = Debug|Any CPU
		{DE14892E-713D-4348-A3B5-E1E30DFC9594}.Debug|Any CPU.Build.0 = Debug|Any CPU
		{DE14892E-713D-4348-A3B5-E1E30DFC9594}.Release|Any CPU.ActiveCfg = Release|Any CPU
		{DE14892E-713D-4348-A3B5-E1E30DFC9594}.Release|Any CPU.Build.0 = Release|Any CPU
		{DE14892E-713D-4348-A3B5-E1E30DFC9594}.Debug|iPhoneSimulator.ActiveCfg = Debug|Any CPU
		{DE14892E-713D-4348-A3B5-E1E30DFC9594}.Debug|iPhoneSimulator.Build.0 = Debug|Any CPU
		{DE14892E-713D-4348-A3B5-E1E30DFC9594}.Release|iPhoneSimulator.ActiveCfg = Release|Any CPU
		{DE14892E-713D-4348-A3B5-E1E30DFC9594}.Release|iPhoneSimulator.Build.0 = Release|Any CPU
		{DE14892E-713D-4348-A3B5-E1E30DFC9594}.Debug|iPhone.ActiveCfg = Debug|Any CPU
		{DE14892E-713D-4348-A3B5-E1E30DFC9594}.Debug|iPhone.Build.0 = Debug|Any CPU
		{DE14892E-713D-4348-A3B5-E1E30DFC9594}.Release|iPhone.ActiveCfg = Release|Any CPU
		{DE14892E-713D-4348-A3B5-E1E30DFC9594}.Release|iPhone.Build.0 = Release|Any CPU
		{DE14892E-713D-4348-A3B5-E1E30DFC9594}.Ad-Hoc|iPhone.ActiveCfg = Debug|Any CPU
		{DE14892E-713D-4348-A3B5-E1E30DFC9594}.Ad-Hoc|iPhone.Build.0 = Debug|Any CPU
		{DE14892E-713D-4348-A3B5-E1E30DFC9594}.AppStore|iPhone.ActiveCfg = Debug|Any CPU
		{DE14892E-713D-4348-A3B5-E1E30DFC9594}.AppStore|iPhone.Build.0 = Debug|Any CPU
	EndGlobalSection
EndGlobal
