
Microsoft Visual Studio Solution File, Format Version 12.00
# Visual Studio 15
VisualStudioVersion = 15.0.28307.539
MinimumVisualStudioVersion = 10.0.40219.1
Project("{FAE04EC0-301F-11D3-BF4B-00C04F79EFBC}") = "GLR.Android", "GLR\GLR.Android\GLR.Android.csproj", "{CF9DFD97-5F1D-49A6-8DAD-6CCD543D6B5D}"
EndProject
Project("{FAE04EC0-301F-11D3-BF4B-00C04F79EFBC}") = "GLR.iOS", "GLR\GLR.iOS\GLR.iOS.csproj", "{56AA3078-734E-45E5-A472-8F4AE0AED427}"
EndProject
Project("{FAE04EC0-301F-11D3-BF4B-00C04F79EFBC}") = "GLR", "GLR\GLR\GLR.csproj", "{ED618BF4-6F06-4D7A-918C-22DFD4CAFD43}"
EndProject
Global
	GlobalSection(SolutionConfigurationPlatforms) = preSolution
		Ad-Hoc|Any CPU = Ad-Hoc|Any CPU
		Ad-Hoc|iPhone = Ad-Hoc|iPhone
		Ad-Hoc|iPhoneSimulator = Ad-Hoc|iPhoneSimulator
		AppStore|Any CPU = AppStore|Any CPU
		AppStore|iPhone = AppStore|iPhone
		AppStore|iPhoneSimulator = AppStore|iPhoneSimulator
		Debug|Any CPU = Debug|Any CPU
		Debug|iPhone = Debug|iPhone
		Debug|iPhoneSimulator = Debug|iPhoneSimulator
		Release|Any CPU = Release|Any CPU
		Release|iPhone = Release|iPhone
		Release|iPhoneSimulator = Release|iPhoneSimulator
	EndGlobalSection
	GlobalSection(ProjectConfigurationPlatforms) = postSolution
		{CF9DFD97-5F1D-49A6-8DAD-6CCD543D6B5D}.Ad-Hoc|Any CPU.ActiveCfg = Release|Any CPU
		{CF9DFD97-5F1D-49A6-8DAD-6CCD543D6B5D}.Ad-Hoc|Any CPU.Build.0 = Release|Any CPU
		{CF9DFD97-5F1D-49A6-8DAD-6CCD543D6B5D}.Ad-Hoc|Any CPU.Deploy.0 = Release|Any CPU
		{CF9DFD97-5F1D-49A6-8DAD-6CCD543D6B5D}.Ad-Hoc|iPhone.ActiveCfg = Release|Any CPU
		{CF9DFD97-5F1D-49A6-8DAD-6CCD543D6B5D}.Ad-Hoc|iPhone.Build.0 = Release|Any CPU
		{CF9DFD97-5F1D-49A6-8DAD-6CCD543D6B5D}.Ad-Hoc|iPhone.Deploy.0 = Release|Any CPU
		{CF9DFD97-5F1D-49A6-8DAD-6CCD543D6B5D}.Ad-Hoc|iPhoneSimulator.ActiveCfg = Release|Any CPU
		{CF9DFD97-5F1D-49A6-8DAD-6CCD543D6B5D}.Ad-Hoc|iPhoneSimulator.Build.0 = Release|Any CPU
		{CF9DFD97-5F1D-49A6-8DAD-6CCD543D6B5D}.Ad-Hoc|iPhoneSimulator.Deploy.0 = Release|Any CPU
		{CF9DFD97-5F1D-49A6-8DAD-6CCD543D6B5D}.AppStore|Any CPU.ActiveCfg = Release|Any CPU
		{CF9DFD97-5F1D-49A6-8DAD-6CCD543D6B5D}.AppStore|Any CPU.Build.0 = Release|Any CPU
		{CF9DFD97-5F1D-49A6-8DAD-6CCD543D6B5D}.AppStore|Any CPU.Deploy.0 = Release|Any CPU
		{CF9DFD97-5F1D-49A6-8DAD-6CCD543D6B5D}.AppStore|iPhone.ActiveCfg = Release|Any CPU
		{CF9DFD97-5F1D-49A6-8DAD-6CCD543D6B5D}.AppStore|iPhone.Build.0 = Release|Any CPU
		{CF9DFD97-5F1D-49A6-8DAD-6CCD543D6B5D}.AppStore|iPhone.Deploy.0 = Release|Any CPU
		{CF9DFD97-5F1D-49A6-8DAD-6CCD543D6B5D}.AppStore|iPhoneSimulator.ActiveCfg = Release|Any CPU
		{CF9DFD97-5F1D-49A6-8DAD-6CCD543D6B5D}.AppStore|iPhoneSimulator.Build.0 = Release|Any CPU
		{CF9DFD97-5F1D-49A6-8DAD-6CCD543D6B5D}.AppStore|iPhoneSimulator.Deploy.0 = Release|Any CPU
		{CF9DFD97-5F1D-49A6-8DAD-6CCD543D6B5D}.Debug|Any CPU.ActiveCfg = Debug|Any CPU
		{CF9DFD97-5F1D-49A6-8DAD-6CCD543D6B5D}.Debug|Any CPU.Build.0 = Debug|Any CPU
		{CF9DFD97-5F1D-49A6-8DAD-6CCD543D6B5D}.Debug|Any CPU.Deploy.0 = Debug|Any CPU
		{CF9DFD97-5F1D-49A6-8DAD-6CCD543D6B5D}.Debug|iPhone.ActiveCfg = Debug|Any CPU
		{CF9DFD97-5F1D-49A6-8DAD-6CCD543D6B5D}.Debug|iPhone.Build.0 = Debug|Any CPU
		{CF9DFD97-5F1D-49A6-8DAD-6CCD543D6B5D}.Debug|iPhone.Deploy.0 = Debug|Any CPU
		{CF9DFD97-5F1D-49A6-8DAD-6CCD543D6B5D}.Debug|iPhoneSimulator.ActiveCfg = Debug|Any CPU
		{CF9DFD97-5F1D-49A6-8DAD-6CCD543D6B5D}.Debug|iPhoneSimulator.Build.0 = Debug|Any CPU
		{CF9DFD97-5F1D-49A6-8DAD-6CCD543D6B5D}.Debug|iPhoneSimulator.Deploy.0 = Debug|Any CPU
		{CF9DFD97-5F1D-49A6-8DAD-6CCD543D6B5D}.Release|Any CPU.ActiveCfg = Release|Any CPU
		{CF9DFD97-5F1D-49A6-8DAD-6CCD543D6B5D}.Release|Any CPU.Build.0 = Release|Any CPU
		{CF9DFD97-5F1D-49A6-8DAD-6CCD543D6B5D}.Release|Any CPU.Deploy.0 = Release|Any CPU
		{CF9DFD97-5F1D-49A6-8DAD-6CCD543D6B5D}.Release|iPhone.ActiveCfg = Release|Any CPU
		{CF9DFD97-5F1D-49A6-8DAD-6CCD543D6B5D}.Release|iPhone.Build.0 = Release|Any CPU
		{CF9DFD97-5F1D-49A6-8DAD-6CCD543D6B5D}.Release|iPhone.Deploy.0 = Release|Any CPU
		{CF9DFD97-5F1D-49A6-8DAD-6CCD543D6B5D}.Release|iPhoneSimulator.ActiveCfg = Release|Any CPU
		{CF9DFD97-5F1D-49A6-8DAD-6CCD543D6B5D}.Release|iPhoneSimulator.Build.0 = Release|Any CPU
		{CF9DFD97-5F1D-49A6-8DAD-6CCD543D6B5D}.Release|iPhoneSimulator.Deploy.0 = Release|Any CPU
		{56AA3078-734E-45E5-A472-8F4AE0AED427}.Ad-Hoc|Any CPU.ActiveCfg = Ad-Hoc|iPhone
		{56AA3078-734E-45E5-A472-8F4AE0AED427}.Ad-Hoc|Any CPU.Build.0 = Ad-Hoc|iPhone
		{56AA3078-734E-45E5-A472-8F4AE0AED427}.Ad-Hoc|Any CPU.Deploy.0 = Ad-Hoc|iPhone
		{56AA3078-734E-45E5-A472-8F4AE0AED427}.Ad-Hoc|iPhone.ActiveCfg = Ad-Hoc|iPhone
		{56AA3078-734E-45E5-A472-8F4AE0AED427}.Ad-Hoc|iPhone.Build.0 = Ad-Hoc|iPhone
		{56AA3078-734E-45E5-A472-8F4AE0AED427}.Ad-Hoc|iPhone.Deploy.0 = Ad-Hoc|iPhone
		{56AA3078-734E-45E5-A472-8F4AE0AED427}.Ad-Hoc|iPhoneSimulator.ActiveCfg = Ad-Hoc|iPhoneSimulator
		{56AA3078-734E-45E5-A472-8F4AE0AED427}.Ad-Hoc|iPhoneSimulator.Build.0 = Ad-Hoc|iPhoneSimulator
		{56AA3078-734E-45E5-A472-8F4AE0AED427}.Ad-Hoc|iPhoneSimulator.Deploy.0 = Ad-Hoc|iPhoneSimulator
		{56AA3078-734E-45E5-A472-8F4AE0AED427}.AppStore|Any CPU.ActiveCfg = AppStore|iPhone
		{56AA3078-734E-45E5-A472-8F4AE0AED427}.AppStore|Any CPU.Build.0 = AppStore|iPhone
		{56AA3078-734E-45E5-A472-8F4AE0AED427}.AppStore|Any CPU.Deploy.0 = AppStore|iPhone
		{56AA3078-734E-45E5-A472-8F4AE0AED427}.AppStore|iPhone.ActiveCfg = AppStore|iPhone
		{56AA3078-734E-45E5-A472-8F4AE0AED427}.AppStore|iPhone.Build.0 = AppStore|iPhone
		{56AA3078-734E-45E5-A472-8F4AE0AED427}.AppStore|iPhone.Deploy.0 = AppStore|iPhone
		{56AA3078-734E-45E5-A472-8F4AE0AED427}.AppStore|iPhoneSimulator.ActiveCfg = AppStore|iPhoneSimulator
		{56AA3078-734E-45E5-A472-8F4AE0AED427}.AppStore|iPhoneSimulator.Build.0 = AppStore|iPhoneSimulator
		{56AA3078-734E-45E5-A472-8F4AE0AED427}.AppStore|iPhoneSimulator.Deploy.0 = AppStore|iPhoneSimulator
		{56AA3078-734E-45E5-A472-8F4AE0AED427}.Debug|Any CPU.ActiveCfg = Debug|iPhoneSimulator
		{56AA3078-734E-45E5-A472-8F4AE0AED427}.Debug|Any CPU.Build.0 = Debug|iPhoneSimulator
		{56AA3078-734E-45E5-A472-8F4AE0AED427}.Debug|Any CPU.Deploy.0 = Debug|iPhoneSimulator
		{56AA3078-734E-45E5-A472-8F4AE0AED427}.Debug|iPhone.ActiveCfg = Debug|iPhone
		{56AA3078-734E-45E5-A472-8F4AE0AED427}.Debug|iPhone.Build.0 = Debug|iPhone
		{56AA3078-734E-45E5-A472-8F4AE0AED427}.Debug|iPhone.Deploy.0 = Debug|iPhone
		{56AA3078-734E-45E5-A472-8F4AE0AED427}.Debug|iPhoneSimulator.ActiveCfg = Debug|iPhoneSimulator
		{56AA3078-734E-45E5-A472-8F4AE0AED427}.Debug|iPhoneSimulator.Build.0 = Debug|iPhoneSimulator
		{56AA3078-734E-45E5-A472-8F4AE0AED427}.Debug|iPhoneSimulator.Deploy.0 = Debug|iPhoneSimulator
		{56AA3078-734E-45E5-A472-8F4AE0AED427}.Release|Any CPU.ActiveCfg = Release|iPhone
		{56AA3078-734E-45E5-A472-8F4AE0AED427}.Release|Any CPU.Build.0 = Release|iPhone
		{56AA3078-734E-45E5-A472-8F4AE0AED427}.Release|Any CPU.Deploy.0 = Release|iPhone
		{56AA3078-734E-45E5-A472-8F4AE0AED427}.Release|iPhone.ActiveCfg = Release|iPhone
		{56AA3078-734E-45E5-A472-8F4AE0AED427}.Release|iPhone.Build.0 = Release|iPhone
		{56AA3078-734E-45E5-A472-8F4AE0AED427}.Release|iPhone.Deploy.0 = Release|iPhone
		{56AA3078-734E-45E5-A472-8F4AE0AED427}.Release|iPhoneSimulator.ActiveCfg = Release|iPhoneSimulator
		{56AA3078-734E-45E5-A472-8F4AE0AED427}.Release|iPhoneSimulator.Build.0 = Release|iPhoneSimulator
		{56AA3078-734E-45E5-A472-8F4AE0AED427}.Release|iPhoneSimulator.Deploy.0 = Release|iPhoneSimulator
		{ED618BF4-6F06-4D7A-918C-22DFD4CAFD43}.Ad-Hoc|Any CPU.ActiveCfg = Debug|Any CPU
		{ED618BF4-6F06-4D7A-918C-22DFD4CAFD43}.Ad-Hoc|Any CPU.Build.0 = Debug|Any CPU
		{ED618BF4-6F06-4D7A-918C-22DFD4CAFD43}.Ad-Hoc|Any CPU.Deploy.0 = Debug|Any CPU
		{ED618BF4-6F06-4D7A-918C-22DFD4CAFD43}.Ad-Hoc|iPhone.ActiveCfg = Debug|Any CPU
		{ED618BF4-6F06-4D7A-918C-22DFD4CAFD43}.Ad-Hoc|iPhone.Build.0 = Debug|Any CPU
		{ED618BF4-6F06-4D7A-918C-22DFD4CAFD43}.Ad-Hoc|iPhone.Deploy.0 = Debug|Any CPU
		{ED618BF4-6F06-4D7A-918C-22DFD4CAFD43}.Ad-Hoc|iPhoneSimulator.ActiveCfg = Debug|Any CPU
		{ED618BF4-6F06-4D7A-918C-22DFD4CAFD43}.Ad-Hoc|iPhoneSimulator.Build.0 = Debug|Any CPU
		{ED618BF4-6F06-4D7A-918C-22DFD4CAFD43}.Ad-Hoc|iPhoneSimulator.Deploy.0 = Debug|Any CPU
		{ED618BF4-6F06-4D7A-918C-22DFD4CAFD43}.AppStore|Any CPU.ActiveCfg = Debug|Any CPU
		{ED618BF4-6F06-4D7A-918C-22DFD4CAFD43}.AppStore|Any CPU.Build.0 = Debug|Any CPU
		{ED618BF4-6F06-4D7A-918C-22DFD4CAFD43}.AppStore|Any CPU.Deploy.0 = Debug|Any CPU
		{ED618BF4-6F06-4D7A-918C-22DFD4CAFD43}.AppStore|iPhone.ActiveCfg = Debug|Any CPU
		{ED618BF4-6F06-4D7A-918C-22DFD4CAFD43}.AppStore|iPhone.Build.0 = Debug|Any CPU
		{ED618BF4-6F06-4D7A-918C-22DFD4CAFD43}.AppStore|iPhone.Deploy.0 = Debug|Any CPU
		{ED618BF4-6F06-4D7A-918C-22DFD4CAFD43}.AppStore|iPhoneSimulator.ActiveCfg = Debug|Any CPU
		{ED618BF4-6F06-4D7A-918C-22DFD4CAFD43}.AppStore|iPhoneSimulator.Build.0 = Debug|Any CPU
		{ED618BF4-6F06-4D7A-918C-22DFD4CAFD43}.AppStore|iPhoneSimulator.Deploy.0 = Debug|Any CPU
		{ED618BF4-6F06-4D7A-918C-22DFD4CAFD43}.Debug|Any CPU.ActiveCfg = Debug|Any CPU
		{ED618BF4-6F06-4D7A-918C-22DFD4CAFD43}.Debug|Any CPU.Build.0 = Debug|Any CPU
		{ED618BF4-6F06-4D7A-918C-22DFD4CAFD43}.Debug|Any CPU.Deploy.0 = Debug|Any CPU
		{ED618BF4-6F06-4D7A-918C-22DFD4CAFD43}.Debug|iPhone.ActiveCfg = Debug|Any CPU
		{ED618BF4-6F06-4D7A-918C-22DFD4CAFD43}.Debug|iPhone.Build.0 = Debug|Any CPU
		{ED618BF4-6F06-4D7A-918C-22DFD4CAFD43}.Debug|iPhone.Deploy.0 = Debug|Any CPU
		{ED618BF4-6F06-4D7A-918C-22DFD4CAFD43}.Debug|iPhoneSimulator.ActiveCfg = Debug|Any CPU
		{ED618BF4-6F06-4D7A-918C-22DFD4CAFD43}.Debug|iPhoneSimulator.Build.0 = Debug|Any CPU
		{ED618BF4-6F06-4D7A-918C-22DFD4CAFD43}.Debug|iPhoneSimulator.Deploy.0 = Debug|Any CPU
		{ED618BF4-6F06-4D7A-918C-22DFD4CAFD43}.Release|Any CPU.ActiveCfg = Release|Any CPU
		{ED618BF4-6F06-4D7A-918C-22DFD4CAFD43}.Release|Any CPU.Build.0 = Release|Any CPU
		{ED618BF4-6F06-4D7A-918C-22DFD4CAFD43}.Release|Any CPU.Deploy.0 = Release|Any CPU
		{ED618BF4-6F06-4D7A-918C-22DFD4CAFD43}.Release|iPhone.ActiveCfg = Release|Any CPU
		{ED618BF4-6F06-4D7A-918C-22DFD4CAFD43}.Release|iPhone.Build.0 = Release|Any CPU
		{ED618BF4-6F06-4D7A-918C-22DFD4CAFD43}.Release|iPhone.Deploy.0 = Release|Any CPU
		{ED618BF4-6F06-4D7A-918C-22DFD4CAFD43}.Release|iPhoneSimulator.ActiveCfg = Release|Any CPU
		{ED618BF4-6F06-4D7A-918C-22DFD4CAFD43}.Release|iPhoneSimulator.Build.0 = Release|Any CPU
		{ED618BF4-6F06-4D7A-918C-22DFD4CAFD43}.Release|iPhoneSimulator.Deploy.0 = Release|Any CPU
	EndGlobalSection
	GlobalSection(SolutionProperties) = preSolution
		HideSolutionNode = FALSE
	EndGlobalSection
	GlobalSection(ExtensibilityGlobals) = postSolution
		SolutionGuid = {007522D0-81C9-4D07-A7B6-BB0ED409FF27}
	EndGlobalSection
EndGlobal
